
Microsoft Visual Studio Solution File, Format Version 12.00
# Visual Studio 15
VisualStudioVersion = 15.0.27703.2026
MinimumVisualStudioVersion = 10.0.40219.1
Project("{FAE04EC0-301F-11D3-BF4B-00C04F79EFBC}") = "gtp-web-application", "gtp-web-application\gtp-web-application.csproj", "{785B474B-D06E-4302-9523-D85B1F0FDEFC}"
EndProject
Global
	GlobalSection(SolutionConfigurationPlatforms) = preSolution
		Debug|Any CPU = Debug|Any CPU
		Release|Any CPU = Release|Any CPU
	EndGlobalSection
	GlobalSection(ProjectConfigurationPlatforms) = postSolution
		{785B474B-D06E-4302-9523-D85B1F0FDEFC}.Debug|Any CPU.ActiveCfg = Debug|Any CPU
		{785B474B-D06E-4302-9523-D85B1F0FDEFC}.Debug|Any CPU.Build.0 = Debug|Any CPU
		{785B474B-D06E-4302-9523-D85B1F0FDEFC}.Release|Any CPU.ActiveCfg = Release|Any CPU
		{785B474B-D06E-4302-9523-D85B1F0FDEFC}.Release|Any CPU.Build.0 = Release|Any CPU
	EndGlobalSection
	GlobalSection(SolutionProperties) = preSolution
		HideSolutionNode = FALSE
	EndGlobalSection
	GlobalSection(ExtensibilityGlobals) = postSolution
		SolutionGuid = {D70812E5-88D4-4BE8-A1C0-9F894BEF3C2D}
	EndGlobalSection
EndGlobal
